// !$*UTF8*$!
{
	archiveVersion = 1;
	classes = {
	};
	objectVersion = 50;
	objects = {

/* Begin PBXBuildFile section */
		A609784926FAEF59000D59A0 /* TouchdownApp.swift in Sources */ = {isa = PBXBuildFile; fileRef = A609784826FAEF59000D59A0 /* TouchdownApp.swift */; };
		A609784B26FAEF59000D59A0 /* ContentView.swift in Sources */ = {isa = PBXBuildFile; fileRef = A609784A26FAEF59000D59A0 /* ContentView.swift */; };
		A609784D26FAEF5A000D59A0 /* Assets.xcassets in Resources */ = {isa = PBXBuildFile; fileRef = A609784C26FAEF5A000D59A0 /* Assets.xcassets */; };
		A609785026FAEF5A000D59A0 /* Preview Assets.xcassets in Resources */ = {isa = PBXBuildFile; fileRef = A609784F26FAEF5A000D59A0 /* Preview Assets.xcassets */; };
		A609785B26FAF0DA000D59A0 /* category.json in Resources */ = {isa = PBXBuildFile; fileRef = A609785726FAF0DA000D59A0 /* category.json */; };
		A609785C26FAF0DA000D59A0 /* brand.json in Resources */ = {isa = PBXBuildFile; fileRef = A609785826FAF0DA000D59A0 /* brand.json */; };
		A609785D26FAF0DA000D59A0 /* product.json in Resources */ = {isa = PBXBuildFile; fileRef = A609785926FAF0DA000D59A0 /* product.json */; };
		A609785E26FAF0DA000D59A0 /* player.json in Resources */ = {isa = PBXBuildFile; fileRef = A609785A26FAF0DA000D59A0 /* player.json */; };
		A609786A26FAF319000D59A0 /* Constant.swift in Sources */ = {isa = PBXBuildFile; fileRef = A609786926FAF319000D59A0 /* Constant.swift */; };
		A609786C26FAF433000D59A0 /* FooterView.swift in Sources */ = {isa = PBXBuildFile; fileRef = A609786B26FAF433000D59A0 /* FooterView.swift */; };
		A609786E26FAF7C8000D59A0 /* NavigationBarView.swift in Sources */ = {isa = PBXBuildFile; fileRef = A609786D26FAF7C8000D59A0 /* NavigationBarView.swift */; };
		A609787026FAF905000D59A0 /* LogoView.swift in Sources */ = {isa = PBXBuildFile; fileRef = A609786F26FAF905000D59A0 /* LogoView.swift */; };
		A609787226FB02CA000D59A0 /* PlayerModel.swift in Sources */ = {isa = PBXBuildFile; fileRef = A609787126FB02CA000D59A0 /* PlayerModel.swift */; };
		A609787426FB031D000D59A0 /* CodableBundleExtension.swift in Sources */ = {isa = PBXBuildFile; fileRef = A609787326FB031D000D59A0 /* CodableBundleExtension.swift */; };
		A609787626FB04D6000D59A0 /* FeaturedItemView.swift in Sources */ = {isa = PBXBuildFile; fileRef = A609787526FB04D6000D59A0 /* FeaturedItemView.swift */; };
		A609787826FB0548000D59A0 /* FeaturedTabView.swift in Sources */ = {isa = PBXBuildFile; fileRef = A609787726FB0548000D59A0 /* FeaturedTabView.swift */; };
		A609787A26FB11D8000D59A0 /* CategoryModel.swift in Sources */ = {isa = PBXBuildFile; fileRef = A609787926FB11D8000D59A0 /* CategoryModel.swift */; };
		A609787C26FB1316000D59A0 /* CategoryItemView.swift in Sources */ = {isa = PBXBuildFile; fileRef = A609787B26FB1316000D59A0 /* CategoryItemView.swift */; };
		A609787E26FB14D8000D59A0 /* CategoryGridView.swift in Sources */ = {isa = PBXBuildFile; fileRef = A609787D26FB14D8000D59A0 /* CategoryGridView.swift */; };
		A609788126FB1672000D59A0 /* SectionView.swift in Sources */ = {isa = PBXBuildFile; fileRef = A609788026FB1672000D59A0 /* SectionView.swift */; };
		A609788326FB1907000D59A0 /* TitleView.swift in Sources */ = {isa = PBXBuildFile; fileRef = A609788226FB1907000D59A0 /* TitleView.swift */; };
		A609788526FB19E8000D59A0 /* ProductModel.swift in Sources */ = {isa = PBXBuildFile; fileRef = A609788426FB19E8000D59A0 /* ProductModel.swift */; };
		A609788726FB1B62000D59A0 /* ProductItemView.swift in Sources */ = {isa = PBXBuildFile; fileRef = A609788626FB1B62000D59A0 /* ProductItemView.swift */; };
		A609788926FB235B000D59A0 /* BrandModel.swift in Sources */ = {isa = PBXBuildFile; fileRef = A609788826FB235B000D59A0 /* BrandModel.swift */; };
		A609788B26FB23D4000D59A0 /* BrandItemView.swift in Sources */ = {isa = PBXBuildFile; fileRef = A609788A26FB23D4000D59A0 /* BrandItemView.swift */; };
		A64EA21126FC796A004569FF /* CustomShape.swift in Sources */ = {isa = PBXBuildFile; fileRef = A64EA21026FC796A004569FF /* CustomShape.swift */; };
		A64EA21326FC7B0F004569FF /* RatingsSizesDetailView.swift in Sources */ = {isa = PBXBuildFile; fileRef = A64EA21226FC7B0F004569FF /* RatingsSizesDetailView.swift */; };
		A64EA21526FC7EB4004569FF /* QuantityFavouriteDetailView.swift in Sources */ = {isa = PBXBuildFile; fileRef = A64EA21426FC7EB4004569FF /* QuantityFavouriteDetailView.swift */; };
		A64EA21726FC8020004569FF /* AddToCartDetailView.swift in Sources */ = {isa = PBXBuildFile; fileRef = A64EA21626FC8020004569FF /* AddToCartDetailView.swift */; };
		A67FDCB026FB261B008EACB2 /* BrandGridView.swift in Sources */ = {isa = PBXBuildFile; fileRef = A67FDCAF26FB261B008EACB2 /* BrandGridView.swift */; };
		A68204CF26FC7158001855FD /* ProductDetailView.swift in Sources */ = {isa = PBXBuildFile; fileRef = A68204CE26FC7158001855FD /* ProductDetailView.swift */; };
		A68204D126FC7259001855FD /* NavigationBarDetailView.swift in Sources */ = {isa = PBXBuildFile; fileRef = A68204D026FC7259001855FD /* NavigationBarDetailView.swift */; };
		A68204D326FC73C7001855FD /* HeaderDetailView.swift in Sources */ = {isa = PBXBuildFile; fileRef = A68204D226FC73C7001855FD /* HeaderDetailView.swift */; };
		A68204D526FC744E001855FD /* TopPartDetailView.swift in Sources */ = {isa = PBXBuildFile; fileRef = A68204D426FC744E001855FD /* TopPartDetailView.swift */; };
/* End PBXBuildFile section */

/* Begin PBXFileReference section */
		A609784526FAEF59000D59A0 /* Touchdown.app */ = {isa = PBXFileReference; explicitFileType = wrapper.application; includeInIndex = 0; path = Touchdown.app; sourceTree = BUILT_PRODUCTS_DIR; };
		A609784826FAEF59000D59A0 /* TouchdownApp.swift */ = {isa = PBXFileReference; lastKnownFileType = sourcecode.swift; path = TouchdownApp.swift; sourceTree = "<group>"; };
		A609784A26FAEF59000D59A0 /* ContentView.swift */ = {isa = PBXFileReference; lastKnownFileType = sourcecode.swift; path = ContentView.swift; sourceTree = "<group>"; };
		A609784C26FAEF5A000D59A0 /* Assets.xcassets */ = {isa = PBXFileReference; lastKnownFileType = folder.assetcatalog; path = Assets.xcassets; sourceTree = "<group>"; };
		A609784F26FAEF5A000D59A0 /* Preview Assets.xcassets */ = {isa = PBXFileReference; lastKnownFileType = folder.assetcatalog; path = "Preview Assets.xcassets"; sourceTree = "<group>"; };
		A609785126FAEF5A000D59A0 /* Info.plist */ = {isa = PBXFileReference; lastKnownFileType = text.plist.xml; path = Info.plist; sourceTree = "<group>"; };
		A609785726FAF0DA000D59A0 /* category.json */ = {isa = PBXFileReference; fileEncoding = 4; lastKnownFileType = text.json; path = category.json; sourceTree = "<group>"; };
		A609785826FAF0DA000D59A0 /* brand.json */ = {isa = PBXFileReference; fileEncoding = 4; lastKnownFileType = text.json; path = brand.json; sourceTree = "<group>"; };
		A609785926FAF0DA000D59A0 /* product.json */ = {isa = PBXFileReference; fileEncoding = 4; lastKnownFileType = text.json; path = product.json; sourceTree = "<group>"; };
		A609785A26FAF0DA000D59A0 /* player.json */ = {isa = PBXFileReference; fileEncoding = 4; lastKnownFileType = text.json; path = player.json; sourceTree = "<group>"; };
		A609786926FAF319000D59A0 /* Constant.swift */ = {isa = PBXFileReference; lastKnownFileType = sourcecode.swift; path = Constant.swift; sourceTree = "<group>"; };
		A609786B26FAF433000D59A0 /* FooterView.swift */ = {isa = PBXFileReference; lastKnownFileType = sourcecode.swift; path = FooterView.swift; sourceTree = "<group>"; };
		A609786D26FAF7C8000D59A0 /* NavigationBarView.swift */ = {isa = PBXFileReference; lastKnownFileType = sourcecode.swift; path = NavigationBarView.swift; sourceTree = "<group>"; };
		A609786F26FAF905000D59A0 /* LogoView.swift */ = {isa = PBXFileReference; lastKnownFileType = sourcecode.swift; path = LogoView.swift; sourceTree = "<group>"; };
		A609787126FB02CA000D59A0 /* PlayerModel.swift */ = {isa = PBXFileReference; lastKnownFileType = sourcecode.swift; path = PlayerModel.swift; sourceTree = "<group>"; };
		A609787326FB031D000D59A0 /* CodableBundleExtension.swift */ = {isa = PBXFileReference; lastKnownFileType = sourcecode.swift; path = CodableBundleExtension.swift; sourceTree = "<group>"; };
		A609787526FB04D6000D59A0 /* FeaturedItemView.swift */ = {isa = PBXFileReference; lastKnownFileType = sourcecode.swift; path = FeaturedItemView.swift; sourceTree = "<group>"; };
		A609787726FB0548000D59A0 /* FeaturedTabView.swift */ = {isa = PBXFileReference; lastKnownFileType = sourcecode.swift; path = FeaturedTabView.swift; sourceTree = "<group>"; };
		A609787926FB11D8000D59A0 /* CategoryModel.swift */ = {isa = PBXFileReference; lastKnownFileType = sourcecode.swift; path = CategoryModel.swift; sourceTree = "<group>"; };
		A609787B26FB1316000D59A0 /* CategoryItemView.swift */ = {isa = PBXFileReference; lastKnownFileType = sourcecode.swift; path = CategoryItemView.swift; sourceTree = "<group>"; };
		A609787D26FB14D8000D59A0 /* CategoryGridView.swift */ = {isa = PBXFileReference; lastKnownFileType = sourcecode.swift; path = CategoryGridView.swift; sourceTree = "<group>"; };
		A609788026FB1672000D59A0 /* SectionView.swift */ = {isa = PBXFileReference; lastKnownFileType = sourcecode.swift; path = SectionView.swift; sourceTree = "<group>"; };
		A609788226FB1907000D59A0 /* TitleView.swift */ = {isa = PBXFileReference; lastKnownFileType = sourcecode.swift; path = TitleView.swift; sourceTree = "<group>"; };
		A609788426FB19E8000D59A0 /* ProductModel.swift */ = {isa = PBXFileReference; lastKnownFileType = sourcecode.swift; path = ProductModel.swift; sourceTree = "<group>"; };
		A609788626FB1B62000D59A0 /* ProductItemView.swift */ = {isa = PBXFileReference; lastKnownFileType = sourcecode.swift; path = ProductItemView.swift; sourceTree = "<group>"; };
		A609788826FB235B000D59A0 /* BrandModel.swift */ = {isa = PBXFileReference; lastKnownFileType = sourcecode.swift; path = BrandModel.swift; sourceTree = "<group>"; };
		A609788A26FB23D4000D59A0 /* BrandItemView.swift */ = {isa = PBXFileReference; lastKnownFileType = sourcecode.swift; path = BrandItemView.swift; sourceTree = "<group>"; };
		A64EA21026FC796A004569FF /* CustomShape.swift */ = {isa = PBXFileReference; lastKnownFileType = sourcecode.swift; path = CustomShape.swift; sourceTree = "<group>"; };
		A64EA21226FC7B0F004569FF /* RatingsSizesDetailView.swift */ = {isa = PBXFileReference; lastKnownFileType = sourcecode.swift; path = RatingsSizesDetailView.swift; sourceTree = "<group>"; };
		A64EA21426FC7EB4004569FF /* QuantityFavouriteDetailView.swift */ = {isa = PBXFileReference; lastKnownFileType = sourcecode.swift; path = QuantityFavouriteDetailView.swift; sourceTree = "<group>"; };
		A64EA21626FC8020004569FF /* AddToCartDetailView.swift */ = {isa = PBXFileReference; lastKnownFileType = sourcecode.swift; path = AddToCartDetailView.swift; sourceTree = "<group>"; };
		A67FDCAF26FB261B008EACB2 /* BrandGridView.swift */ = {isa = PBXFileReference; lastKnownFileType = sourcecode.swift; path = BrandGridView.swift; sourceTree = "<group>"; };
		A68204CE26FC7158001855FD /* ProductDetailView.swift */ = {isa = PBXFileReference; lastKnownFileType = sourcecode.swift; path = ProductDetailView.swift; sourceTree = "<group>"; };
		A68204D026FC7259001855FD /* NavigationBarDetailView.swift */ = {isa = PBXFileReference; lastKnownFileType = sourcecode.swift; path = NavigationBarDetailView.swift; sourceTree = "<group>"; };
		A68204D226FC73C7001855FD /* HeaderDetailView.swift */ = {isa = PBXFileReference; lastKnownFileType = sourcecode.swift; path = HeaderDetailView.swift; sourceTree = "<group>"; };
		A68204D426FC744E001855FD /* TopPartDetailView.swift */ = {isa = PBXFileReference; lastKnownFileType = sourcecode.swift; path = TopPartDetailView.swift; sourceTree = "<group>"; };
/* End PBXFileReference section */

/* Begin PBXFrameworksBuildPhase section */
		A609784226FAEF59000D59A0 /* Frameworks */ = {
			isa = PBXFrameworksBuildPhase;
			buildActionMask = 2147483647;
			files = (
			);
			runOnlyForDeploymentPostprocessing = 0;
		};
/* End PBXFrameworksBuildPhase section */

/* Begin PBXGroup section */
		A609783C26FAEF59000D59A0 = {
			isa = PBXGroup;
			children = (
				A609784726FAEF59000D59A0 /* Touchdown */,
				A609784626FAEF59000D59A0 /* Products */,
			);
			sourceTree = "<group>";
		};
		A609784626FAEF59000D59A0 /* Products */ = {
			isa = PBXGroup;
			children = (
				A609784526FAEF59000D59A0 /* Touchdown.app */,
			);
			name = Products;
			sourceTree = "<group>";
		};
		A609784726FAEF59000D59A0 /* Touchdown */ = {
			isa = PBXGroup;
			children = (
				A609786226FAF272000D59A0 /* App */,
				A609786326FAF27C000D59A0 /* View */,
				A609786126FAF147000D59A0 /* Data */,
				A609786626FAF293000D59A0 /* Model */,
				A609786726FAF29B000D59A0 /* Extension */,
				A609786826FAF2A4000D59A0 /* Utility */,
				A609784C26FAEF5A000D59A0 /* Assets.xcassets */,
				A609785126FAEF5A000D59A0 /* Info.plist */,
				A609784E26FAEF5A000D59A0 /* Preview Content */,
			);
			path = Touchdown;
			sourceTree = "<group>";
		};
		A609784E26FAEF5A000D59A0 /* Preview Content */ = {
			isa = PBXGroup;
			children = (
				A609784F26FAEF5A000D59A0 /* Preview Assets.xcassets */,
			);
			path = "Preview Content";
			sourceTree = "<group>";
		};
		A609786126FAF147000D59A0 /* Data */ = {
			isa = PBXGroup;
			children = (
				A609785826FAF0DA000D59A0 /* brand.json */,
				A609785726FAF0DA000D59A0 /* category.json */,
				A609785A26FAF0DA000D59A0 /* player.json */,
				A609785926FAF0DA000D59A0 /* product.json */,
			);
			path = Data;
			sourceTree = "<group>";
		};
		A609786226FAF272000D59A0 /* App */ = {
			isa = PBXGroup;
			children = (
				A609784826FAEF59000D59A0 /* TouchdownApp.swift */,
				A609784A26FAEF59000D59A0 /* ContentView.swift */,
				A68204CE26FC7158001855FD /* ProductDetailView.swift */,
			);
			path = App;
			sourceTree = "<group>";
		};
		A609786326FAF27C000D59A0 /* View */ = {
			isa = PBXGroup;
			children = (
				A609786426FAF282000D59A0 /* Home */,
				A609786526FAF288000D59A0 /* Detail */,
			);
			path = View;
			sourceTree = "<group>";
		};
		A609786426FAF282000D59A0 /* Home */ = {
			isa = PBXGroup;
			children = (
				A609786B26FAF433000D59A0 /* FooterView.swift */,
				A609786D26FAF7C8000D59A0 /* NavigationBarView.swift */,
				A609786F26FAF905000D59A0 /* LogoView.swift */,
				A609787526FB04D6000D59A0 /* FeaturedItemView.swift */,
				A609787726FB0548000D59A0 /* FeaturedTabView.swift */,
				A609787B26FB1316000D59A0 /* CategoryItemView.swift */,
				A609787D26FB14D8000D59A0 /* CategoryGridView.swift */,
				A609788026FB1672000D59A0 /* SectionView.swift */,
				A609788226FB1907000D59A0 /* TitleView.swift */,
				A609788626FB1B62000D59A0 /* ProductItemView.swift */,
				A609788A26FB23D4000D59A0 /* BrandItemView.swift */,
				A67FDCAF26FB261B008EACB2 /* BrandGridView.swift */,
			);
			path = Home;
			sourceTree = "<group>";
		};
		A609786526FAF288000D59A0 /* Detail */ = {
			isa = PBXGroup;
			children = (
				A68204D026FC7259001855FD /* NavigationBarDetailView.swift */,
				A68204D226FC73C7001855FD /* HeaderDetailView.swift */,
				A68204D426FC744E001855FD /* TopPartDetailView.swift */,
				A64EA21226FC7B0F004569FF /* RatingsSizesDetailView.swift */,
				A64EA21426FC7EB4004569FF /* QuantityFavouriteDetailView.swift */,
				A64EA21626FC8020004569FF /* AddToCartDetailView.swift */,
			);
			path = Detail;
			sourceTree = "<group>";
		};
		A609786626FAF293000D59A0 /* Model */ = {
			isa = PBXGroup;
			children = (
				A609787126FB02CA000D59A0 /* PlayerModel.swift */,
				A609787926FB11D8000D59A0 /* CategoryModel.swift */,
				A609788426FB19E8000D59A0 /* ProductModel.swift */,
				A609788826FB235B000D59A0 /* BrandModel.swift */,
			);
			path = Model;
			sourceTree = "<group>";
		};
		A609786726FAF29B000D59A0 /* Extension */ = {
			isa = PBXGroup;
			children = (
				A609787326FB031D000D59A0 /* CodableBundleExtension.swift */,
			);
			path = Extension;
			sourceTree = "<group>";
		};
		A609786826FAF2A4000D59A0 /* Utility */ = {
			isa = PBXGroup;
			children = (
				A609786926FAF319000D59A0 /* Constant.swift */,
				A64EA21026FC796A004569FF /* CustomShape.swift */,
			);
			path = Utility;
			sourceTree = "<group>";
		};
/* End PBXGroup section */

/* Begin PBXNativeTarget section */
		A609784426FAEF59000D59A0 /* Touchdown */ = {
			isa = PBXNativeTarget;
			buildConfigurationList = A609785426FAEF5A000D59A0 /* Build configuration list for PBXNativeTarget "Touchdown" */;
			buildPhases = (
				A609784126FAEF59000D59A0 /* Sources */,
				A609784226FAEF59000D59A0 /* Frameworks */,
				A609784326FAEF59000D59A0 /* Resources */,
			);
			buildRules = (
			);
			dependencies = (
			);
			name = Touchdown;
			productName = Touchdown;
			productReference = A609784526FAEF59000D59A0 /* Touchdown.app */;
			productType = "com.apple.product-type.application";
		};
/* End PBXNativeTarget section */

/* Begin PBXProject section */
		A609783D26FAEF59000D59A0 /* Project object */ = {
			isa = PBXProject;
			attributes = {
				LastSwiftUpdateCheck = 1250;
				LastUpgradeCheck = 1250;
				TargetAttributes = {
					A609784426FAEF59000D59A0 = {
						CreatedOnToolsVersion = 12.5.1;
					};
				};
			};
			buildConfigurationList = A609784026FAEF59000D59A0 /* Build configuration list for PBXProject "Touchdown" */;
			compatibilityVersion = "Xcode 9.3";
			developmentRegion = en;
			hasScannedForEncodings = 0;
			knownRegions = (
				en,
				Base,
			);
			mainGroup = A609783C26FAEF59000D59A0;
			productRefGroup = A609784626FAEF59000D59A0 /* Products */;
			projectDirPath = "";
			projectRoot = "";
			targets = (
				A609784426FAEF59000D59A0 /* Touchdown */,
			);
		};
/* End PBXProject section */

/* Begin PBXResourcesBuildPhase section */
		A609784326FAEF59000D59A0 /* Resources */ = {
			isa = PBXResourcesBuildPhase;
			buildActionMask = 2147483647;
			files = (
				A609785E26FAF0DA000D59A0 /* player.json in Resources */,
				A609785B26FAF0DA000D59A0 /* category.json in Resources */,
				A609785C26FAF0DA000D59A0 /* brand.json in Resources */,
				A609785026FAEF5A000D59A0 /* Preview Assets.xcassets in Resources */,
				A609784D26FAEF5A000D59A0 /* Assets.xcassets in Resources */,
				A609785D26FAF0DA000D59A0 /* product.json in Resources */,
			);
			runOnlyForDeploymentPostprocessing = 0;
		};
/* End PBXResourcesBuildPhase section */

/* Begin PBXSourcesBuildPhase section */
		A609784126FAEF59000D59A0 /* Sources */ = {
			isa = PBXSourcesBuildPhase;
			buildActionMask = 2147483647;
			files = (
				A609787426FB031D000D59A0 /* CodableBundleExtension.swift in Sources */,
				A68204D326FC73C7001855FD /* HeaderDetailView.swift in Sources */,
				A68204D526FC744E001855FD /* TopPartDetailView.swift in Sources */,
				A609786E26FAF7C8000D59A0 /* NavigationBarView.swift in Sources */,
				A609787026FAF905000D59A0 /* LogoView.swift in Sources */,
				A609784B26FAEF59000D59A0 /* ContentView.swift in Sources */,
				A609787626FB04D6000D59A0 /* FeaturedItemView.swift in Sources */,
				A609788726FB1B62000D59A0 /* ProductItemView.swift in Sources */,
				A64EA21726FC8020004569FF /* AddToCartDetailView.swift in Sources */,
				A67FDCB026FB261B008EACB2 /* BrandGridView.swift in Sources */,
				A64EA21326FC7B0F004569FF /* RatingsSizesDetailView.swift in Sources */,
				A609786C26FAF433000D59A0 /* FooterView.swift in Sources */,
				A68204CF26FC7158001855FD /* ProductDetailView.swift in Sources */,
				A68204D126FC7259001855FD /* NavigationBarDetailView.swift in Sources */,
				A609784926FAEF59000D59A0 /* TouchdownApp.swift in Sources */,
				A609787E26FB14D8000D59A0 /* CategoryGridView.swift in Sources */,
				A609787A26FB11D8000D59A0 /* CategoryModel.swift in Sources */,
				A609786A26FAF319000D59A0 /* Constant.swift in Sources */,
				A609788126FB1672000D59A0 /* SectionView.swift in Sources */,
				A609788B26FB23D4000D59A0 /* BrandItemView.swift in Sources */,
				A609787C26FB1316000D59A0 /* CategoryItemView.swift in Sources */,
				A609787826FB0548000D59A0 /* FeaturedTabView.swift in Sources */,
				A64EA21126FC796A004569FF /* CustomShape.swift in Sources */,
				A609787226FB02CA000D59A0 /* PlayerModel.swift in Sources */,
				A609788926FB235B000D59A0 /* BrandModel.swift in Sources */,
				A609788326FB1907000D59A0 /* TitleView.swift in Sources */,
				A64EA21526FC7EB4004569FF /* QuantityFavouriteDetailView.swift in Sources */,
				A609788526FB19E8000D59A0 /* ProductModel.swift in Sources */,
			);
			runOnlyForDeploymentPostprocessing = 0;
		};
/* End PBXSourcesBuildPhase section */

/* Begin XCBuildConfiguration section */
		A609785226FAEF5A000D59A0 /* Debug */ = {
			isa = XCBuildConfiguration;
			buildSettings = {
				ALWAYS_SEARCH_USER_PATHS = NO;
				CLANG_ANALYZER_NONNULL = YES;
				CLANG_ANALYZER_NUMBER_OBJECT_CONVERSION = YES_AGGRESSIVE;
				CLANG_CXX_LANGUAGE_STANDARD = "gnu++14";
				CLANG_CXX_LIBRARY = "libc++";
				CLANG_ENABLE_MODULES = YES;
				CLANG_ENABLE_OBJC_ARC = YES;
				CLANG_ENABLE_OBJC_WEAK = YES;
				CLANG_WARN_BLOCK_CAPTURE_AUTORELEASING = YES;
				CLANG_WARN_BOOL_CONVERSION = YES;
				CLANG_WARN_COMMA = YES;
				CLANG_WARN_CONSTANT_CONVERSION = YES;
				CLANG_WARN_DEPRECATED_OBJC_IMPLEMENTATIONS = YES;
				CLANG_WARN_DIRECT_OBJC_ISA_USAGE = YES_ERROR;
				CLANG_WARN_DOCUMENTATION_COMMENTS = YES;
				CLANG_WARN_EMPTY_BODY = YES;
				CLANG_WARN_ENUM_CONVERSION = YES;
				CLANG_WARN_INFINITE_RECURSION = YES;
				CLANG_WARN_INT_CONVERSION = YES;
				CLANG_WARN_NON_LITERAL_NULL_CONVERSION = YES;
				CLANG_WARN_OBJC_IMPLICIT_RETAIN_SELF = YES;
				CLANG_WARN_OBJC_LITERAL_CONVERSION = YES;
				CLANG_WARN_OBJC_ROOT_CLASS = YES_ERROR;
				CLANG_WARN_QUOTED_INCLUDE_IN_FRAMEWORK_HEADER = YES;
				CLANG_WARN_RANGE_LOOP_ANALYSIS = YES;
				CLANG_WARN_STRICT_PROTOTYPES = YES;
				CLANG_WARN_SUSPICIOUS_MOVE = YES;
				CLANG_WARN_UNGUARDED_AVAILABILITY = YES_AGGRESSIVE;
				CLANG_WARN_UNREACHABLE_CODE = YES;
				CLANG_WARN__DUPLICATE_METHOD_MATCH = YES;
				COPY_PHASE_STRIP = NO;
				DEBUG_INFORMATION_FORMAT = dwarf;
				ENABLE_STRICT_OBJC_MSGSEND = YES;
				ENABLE_TESTABILITY = YES;
				GCC_C_LANGUAGE_STANDARD = gnu11;
				GCC_DYNAMIC_NO_PIC = NO;
				GCC_NO_COMMON_BLOCKS = YES;
				GCC_OPTIMIZATION_LEVEL = 0;
				GCC_PREPROCESSOR_DEFINITIONS = (
					"DEBUG=1",
					"$(inherited)",
				);
				GCC_WARN_64_TO_32_BIT_CONVERSION = YES;
				GCC_WARN_ABOUT_RETURN_TYPE = YES_ERROR;
				GCC_WARN_UNDECLARED_SELECTOR = YES;
				GCC_WARN_UNINITIALIZED_AUTOS = YES_AGGRESSIVE;
				GCC_WARN_UNUSED_FUNCTION = YES;
				GCC_WARN_UNUSED_VARIABLE = YES;
				IPHONEOS_DEPLOYMENT_TARGET = 14.5;
				MTL_ENABLE_DEBUG_INFO = INCLUDE_SOURCE;
				MTL_FAST_MATH = YES;
				ONLY_ACTIVE_ARCH = YES;
				SDKROOT = iphoneos;
				SWIFT_ACTIVE_COMPILATION_CONDITIONS = DEBUG;
				SWIFT_OPTIMIZATION_LEVEL = "-Onone";
			};
			name = Debug;
		};
		A609785326FAEF5A000D59A0 /* Release */ = {
			isa = XCBuildConfiguration;
			buildSettings = {
				ALWAYS_SEARCH_USER_PATHS = NO;
				CLANG_ANALYZER_NONNULL = YES;
				CLANG_ANALYZER_NUMBER_OBJECT_CONVERSION = YES_AGGRESSIVE;
				CLANG_CXX_LANGUAGE_STANDARD = "gnu++14";
				CLANG_CXX_LIBRARY = "libc++";
				CLANG_ENABLE_MODULES = YES;
				CLANG_ENABLE_OBJC_ARC = YES;
				CLANG_ENABLE_OBJC_WEAK = YES;
				CLANG_WARN_BLOCK_CAPTURE_AUTORELEASING = YES;
				CLANG_WARN_BOOL_CONVERSION = YES;
				CLANG_WARN_COMMA = YES;
				CLANG_WARN_CONSTANT_CONVERSION = YES;
				CLANG_WARN_DEPRECATED_OBJC_IMPLEMENTATIONS = YES;
				CLANG_WARN_DIRECT_OBJC_ISA_USAGE = YES_ERROR;
				CLANG_WARN_DOCUMENTATION_COMMENTS = YES;
				CLANG_WARN_EMPTY_BODY = YES;
				CLANG_WARN_ENUM_CONVERSION = YES;
				CLANG_WARN_INFINITE_RECURSION = YES;
				CLANG_WARN_INT_CONVERSION = YES;
				CLANG_WARN_NON_LITERAL_NULL_CONVERSION = YES;
				CLANG_WARN_OBJC_IMPLICIT_RETAIN_SELF = YES;
				CLANG_WARN_OBJC_LITERAL_CONVERSION = YES;
				CLANG_WARN_OBJC_ROOT_CLASS = YES_ERROR;
				CLANG_WARN_QUOTED_INCLUDE_IN_FRAMEWORK_HEADER = YES;
				CLANG_WARN_RANGE_LOOP_ANALYSIS = YES;
				CLANG_WARN_STRICT_PROTOTYPES = YES;
				CLANG_WARN_SUSPICIOUS_MOVE = YES;
				CLANG_WARN_UNGUARDED_AVAILABILITY = YES_AGGRESSIVE;
				CLANG_WARN_UNREACHABLE_CODE = YES;
				CLANG_WARN__DUPLICATE_METHOD_MATCH = YES;
				COPY_PHASE_STRIP = NO;
				DEBUG_INFORMATION_FORMAT = "dwarf-with-dsym";
				ENABLE_NS_ASSERTIONS = NO;
				ENABLE_STRICT_OBJC_MSGSEND = YES;
				GCC_C_LANGUAGE_STANDARD = gnu11;
				GCC_NO_COMMON_BLOCKS = YES;
				GCC_WARN_64_TO_32_BIT_CONVERSION = YES;
				GCC_WARN_ABOUT_RETURN_TYPE = YES_ERROR;
				GCC_WARN_UNDECLARED_SELECTOR = YES;
				GCC_WARN_UNINITIALIZED_AUTOS = YES_AGGRESSIVE;
				GCC_WARN_UNUSED_FUNCTION = YES;
				GCC_WARN_UNUSED_VARIABLE = YES;
				IPHONEOS_DEPLOYMENT_TARGET = 14.5;
				MTL_ENABLE_DEBUG_INFO = NO;
				MTL_FAST_MATH = YES;
				SDKROOT = iphoneos;
				SWIFT_COMPILATION_MODE = wholemodule;
				SWIFT_OPTIMIZATION_LEVEL = "-O";
				VALIDATE_PRODUCT = YES;
			};
			name = Release;
		};
		A609785526FAEF5A000D59A0 /* Debug */ = {
			isa = XCBuildConfiguration;
			buildSettings = {
				ASSETCATALOG_COMPILER_APPICON_NAME = AppIcon;
				ASSETCATALOG_COMPILER_GLOBAL_ACCENT_COLOR_NAME = AccentColor;
				CODE_SIGN_STYLE = Automatic;
				DEVELOPMENT_ASSET_PATHS = "\"Touchdown/Preview Content\"";
				DEVELOPMENT_TEAM = 8P82DXK79N;
				ENABLE_PREVIEWS = YES;
				INFOPLIST_FILE = Touchdown/Info.plist;
				IPHONEOS_DEPLOYMENT_TARGET = 14.0;
				LD_RUNPATH_SEARCH_PATHS = (
					"$(inherited)",
					"@executable_path/Frameworks",
				);
				PRODUCT_BUNDLE_IDENTIFIER = com.nicdeane.Touchdown;
				PRODUCT_NAME = "$(TARGET_NAME)";
				SWIFT_VERSION = 5.0;
				TARGETED_DEVICE_FAMILY = "1,2";
			};
			name = Debug;
		};
		A609785626FAEF5A000D59A0 /* Release */ = {
			isa = XCBuildConfiguration;
			buildSettings = {
				ASSETCATALOG_COMPILER_APPICON_NAME = AppIcon;
				ASSETCATALOG_COMPILER_GLOBAL_ACCENT_COLOR_NAME = AccentColor;
				CODE_SIGN_STYLE = Automatic;
				DEVELOPMENT_ASSET_PATHS = "\"Touchdown/Preview Content\"";
				DEVELOPMENT_TEAM = 8P82DXK79N;
				ENABLE_PREVIEWS = YES;
				INFOPLIST_FILE = Touchdown/Info.plist;
				IPHONEOS_DEPLOYMENT_TARGET = 14.0;
				LD_RUNPATH_SEARCH_PATHS = (
					"$(inherited)",
					"@executable_path/Frameworks",
				);
				PRODUCT_BUNDLE_IDENTIFIER = com.nicdeane.Touchdown;
				PRODUCT_NAME = "$(TARGET_NAME)";
				SWIFT_VERSION = 5.0;
				TARGETED_DEVICE_FAMILY = "1,2";
			};
			name = Release;
		};
/* End XCBuildConfiguration section */

/* Begin XCConfigurationList section */
		A609784026FAEF59000D59A0 /* Build configuration list for PBXProject "Touchdown" */ = {
			isa = XCConfigurationList;
			buildConfigurations = (
				A609785226FAEF5A000D59A0 /* Debug */,
				A609785326FAEF5A000D59A0 /* Release */,
			);
			defaultConfigurationIsVisible = 0;
			defaultConfigurationName = Release;
		};
		A609785426FAEF5A000D59A0 /* Build configuration list for PBXNativeTarget "Touchdown" */ = {
			isa = XCConfigurationList;
			buildConfigurations = (
				A609785526FAEF5A000D59A0 /* Debug */,
				A609785626FAEF5A000D59A0 /* Release */,
			);
			defaultConfigurationIsVisible = 0;
			defaultConfigurationName = Release;
		};
/* End XCConfigurationList section */
	};
	rootObject = A609783D26FAEF59000D59A0 /* Project object */;
}
